
Microsoft Visual Studio Solution File, Format Version 12.00
# Visual Studio 15
VisualStudioVersion = 15.0.27004.2008
MinimumVisualStudioVersion = 10.0.40219.1
Project("{8BC9CEB8-8B4A-11D0-8D11-00A0C91BC942}") = "SimpleHttpServer", "SimpleHttpServer\SimpleHttpServer.vcxproj", "{80CD4B42-3D2F-4953-8194-5BE8157EEFEC}"
EndProject
Global
	GlobalSection(SolutionConfigurationPlatforms) = preSolution
		Debug|x64 = Debug|x64
		Debug|x86 = Debug|x86
		Release|x64 = Release|x64
		Release|x86 = Release|x86
	EndGlobalSection
	GlobalSection(ProjectConfigurationPlatforms) = postSolution
		{80CD4B42-3D2F-4953-8194-5BE8157EEFEC}.Debug|x64.ActiveCfg = Debug|x64
		{80CD4B42-3D2F-4953-8194-5BE8157EEFEC}.Debug|x64.Build.0 = Debug|x64
		{80CD4B42-3D2F-4953-8194-5BE8157EEFEC}.Debug|x86.ActiveCfg = Debug|Win32
		{80CD4B42-3D2F-4953-8194-5BE8157EEFEC}.Debug|x86.Build.0 = Debug|Win32
		{80CD4B42-3D2F-4953-8194-5BE8157EEFEC}.Release|x64.ActiveCfg = Release|x64
		{80CD4B42-3D2F-4953-8194-5BE8157EEFEC}.Release|x64.Build.0 = Release|x64
		{80CD4B42-3D2F-4953-8194-5BE8157EEFEC}.Release|x86.ActiveCfg = Release|Win32
		{80CD4B42-3D2F-4953-8194-5BE8157EEFEC}.Release|x86.Build.0 = Release|Win32
	EndGlobalSection
	GlobalSection(SolutionProperties) = preSolution
		HideSolutionNode = FALSE
	EndGlobalSection
	GlobalSection(ExtensibilityGlobals) = postSolution
		SolutionGuid = {D2EE0F80-D81F-430E-8D1C-D4E8E6722731}
	EndGlobalSection
EndGlobal
